
Microsoft Visual Studio Solution File, Format Version 12.00
# Visual Studio Version 17
VisualStudioVersion = 17.0.32014.148
MinimumVisualStudioVersion = 10.0.40219.1
Project("{9A19103F-16F7-4668-BE54-9A1E7A4F7556}") = "FirstProject", "FirstProject\FirstProject.csproj", "{22C3560D-6DA9-4143-A4DB-35AC5042002E}"
EndProject
Project("{9A19103F-16F7-4668-BE54-9A1E7A4F7556}") = "Variables", "Variables\Variables.csproj", "{830D194B-464E-4A27-A0C3-6250F07967DB}"
EndProject
Project("{9A19103F-16F7-4668-BE54-9A1E7A4F7556}") = "Methods", "Methods\Methods.csproj", "{3E94FB4E-2401-4297-AEF7-AFB7334FD62C}"
EndProject
Project("{9A19103F-16F7-4668-BE54-9A1E7A4F7556}") = "ClassObjectInstance", "ClassObjectInstance\ClassObjectInstance.csproj", "{A78C7308-3572-4C87-94C7-F5134E34D69E}"
EndProject
Project("{FAE04EC0-301F-11D3-BF4B-00C04F79EFBC}") = "Example01_ClassObjectInstance", "Example01_ClassObjectInstance\Example01_ClassObjectInstance.csproj", "{12964707-1FCC-4343-936C-A254F7515363}"
EndProject
Global
	GlobalSection(SolutionConfigurationPlatforms) = preSolution
		Debug|Any CPU = Debug|Any CPU
		Release|Any CPU = Release|Any CPU
	EndGlobalSection
	GlobalSection(ProjectConfigurationPlatforms) = postSolution
		{22C3560D-6DA9-4143-A4DB-35AC5042002E}.Debug|Any CPU.ActiveCfg = Debug|Any CPU
		{22C3560D-6DA9-4143-A4DB-35AC5042002E}.Debug|Any CPU.Build.0 = Debug|Any CPU
		{22C3560D-6DA9-4143-A4DB-35AC5042002E}.Release|Any CPU.ActiveCfg = Release|Any CPU
		{22C3560D-6DA9-4143-A4DB-35AC5042002E}.Release|Any CPU.Build.0 = Release|Any CPU
		{830D194B-464E-4A27-A0C3-6250F07967DB}.Debug|Any CPU.ActiveCfg = Debug|Any CPU
		{830D194B-464E-4A27-A0C3-6250F07967DB}.Debug|Any CPU.Build.0 = Debug|Any CPU
		{830D194B-464E-4A27-A0C3-6250F07967DB}.Release|Any CPU.ActiveCfg = Release|Any CPU
		{830D194B-464E-4A27-A0C3-6250F07967DB}.Release|Any CPU.Build.0 = Release|Any CPU
		{3E94FB4E-2401-4297-AEF7-AFB7334FD62C}.Debug|Any CPU.ActiveCfg = Debug|Any CPU
		{3E94FB4E-2401-4297-AEF7-AFB7334FD62C}.Debug|Any CPU.Build.0 = Debug|Any CPU
		{3E94FB4E-2401-4297-AEF7-AFB7334FD62C}.Release|Any CPU.ActiveCfg = Release|Any CPU
		{3E94FB4E-2401-4297-AEF7-AFB7334FD62C}.Release|Any CPU.Build.0 = Release|Any CPU
		{A78C7308-3572-4C87-94C7-F5134E34D69E}.Debug|Any CPU.ActiveCfg = Debug|Any CPU
		{A78C7308-3572-4C87-94C7-F5134E34D69E}.Debug|Any CPU.Build.0 = Debug|Any CPU
		{A78C7308-3572-4C87-94C7-F5134E34D69E}.Release|Any CPU.ActiveCfg = Release|Any CPU
		{A78C7308-3572-4C87-94C7-F5134E34D69E}.Release|Any CPU.Build.0 = Release|Any CPU
		{12964707-1FCC-4343-936C-A254F7515363}.Debug|Any CPU.ActiveCfg = Debug|Any CPU
		{12964707-1FCC-4343-936C-A254F7515363}.Debug|Any CPU.Build.0 = Debug|Any CPU
		{12964707-1FCC-4343-936C-A254F7515363}.Release|Any CPU.ActiveCfg = Release|Any CPU
		{12964707-1FCC-4343-936C-A254F7515363}.Release|Any CPU.Build.0 = Release|Any CPU
	EndGlobalSection
	GlobalSection(SolutionProperties) = preSolution
		HideSolutionNode = FALSE
	EndGlobalSection
	GlobalSection(ExtensibilityGlobals) = postSolution
		SolutionGuid = {C9221C8A-C874-4753-BED5-8E76293ECC98}
	EndGlobalSection
EndGlobal
